
Microsoft Visual Studio Solution File, Format Version 12.00
# Visual Studio Version 17
VisualStudioVersion = 17.8.34525.116
MinimumVisualStudioVersion = 10.0.40219.1
Project("{FAE04EC0-301F-11D3-BF4B-00C04F79EFBC}") = "laba1", "laba1\laba1.csproj", "{B05C4BC1-6C68-470A-9DCE-A948DBD1B05D}"
EndProject
Project("{FAE04EC0-301F-11D3-BF4B-00C04F79EFBC}") = "laba2", "laba2\laba2.csproj", "{07D6DB69-28DC-4094-ADCC-81D03406C779}"
EndProject
Project("{FAE04EC0-301F-11D3-BF4B-00C04F79EFBC}") = "laba3", "laba3\laba3.csproj", "{3123B0B3-76B6-49C3-B43F-947EC6324760}"
EndProject
Project("{FAE04EC0-301F-11D3-BF4B-00C04F79EFBC}") = "laba4.1", "laba4.1\laba4.1.csproj", "{8B831439-61A2-485B-8653-6ADEC40E8F82}"
EndProject
Project("{9A19103F-16F7-4668-BE54-9A1E7A4F7556}") = "laba4.2", "laba4.2\laba4.2.csproj", "{E4187B2D-DC4F-40B0-B19F-129EE1C1CCAD}"
EndProject
Project("{FAE04EC0-301F-11D3-BF4B-00C04F79EFBC}") = "laba5", "laba5\laba5.csproj", "{530E7EC1-9B65-48FA-AE0B-CFCC55375EB5}"
EndProject
Project("{FAE04EC0-301F-11D3-BF4B-00C04F79EFBC}") = "laba6", "laba6\laba6.csproj", "{7572E07C-26E0-407F-BA73-8B5D2BAE65B2}"
EndProject
Project("{2150E333-8FDC-42A3-9474-1A3956D46DE8}") = "Solution Items", "Solution Items", "{723A443E-BC53-4052-B78B-11E334A329F1}"
	ProjectSection(SolutionItems) = preProject
		.editorconfig = .editorconfig
	EndProjectSection
EndProject
Project("{FAE04EC0-301F-11D3-BF4B-00C04F79EFBC}") = "laba7.1", "laba7.1\laba7.1.csproj", "{4341DFB2-9EAA-46CA-A6FB-B02879102932}"
EndProject
Project("{FAE04EC0-301F-11D3-BF4B-00C04F79EFBC}") = "laba9.1", "laba9.1\laba9.1.csproj", "{DC706737-8EF9-4974-A3FF-E7BB0FCF88B2}"
EndProject
Project("{FAE04EC0-301F-11D3-BF4B-00C04F79EFBC}") = "laba10", "laba10\laba10.csproj", "{72AA965E-5758-48E7-BD5B-0560CC51D4B7}"
EndProject
Project("{9A19103F-16F7-4668-BE54-9A1E7A4F7556}") = "laba8.2", "laba8.2\laba8.2.csproj", "{B06B8FE5-F63E-4F4A-9FC5-ACCA4245D90D}"
EndProject
Project("{FAE04EC0-301F-11D3-BF4B-00C04F79EFBC}") = "laba11", "laba11\laba11.csproj", "{EEF0F06D-72E1-4249-9ED7-12B2EBB7FEEC}"
EndProject
Project("{FAE04EC0-301F-11D3-BF4B-00C04F79EFBC}") = "laba13", "laba13\laba13.csproj", "{73602691-C4B1-4889-A441-4459A4C36654}"
EndProject
Project("{FAE04EC0-301F-11D3-BF4B-00C04F79EFBC}") = "Laba12", "Laba12\Laba12.csproj", "{39DDD7CF-6210-421F-BD0D-CD01D0EB1772}"
EndProject
Project("{FAE04EC0-301F-11D3-BF4B-00C04F79EFBC}") = "laba14.1", "laba14.1\laba14.1.csproj", "{640ECF88-418D-476F-9209-05EA1495E75C}"
EndProject
Project("{FAE04EC0-301F-11D3-BF4B-00C04F79EFBC}") = "laba16", "laba16\laba16.csproj", "{156D1443-FCFC-49A1-8375-7F13048ABF46}"
EndProject
Project("{FAE04EC0-301F-11D3-BF4B-00C04F79EFBC}") = "laba17", "laba17\laba17.csproj", "{15F09B65-9531-4C68-B718-A85EB19F9F26}"
EndProject
Project("{FAE04EC0-301F-11D3-BF4B-00C04F79EFBC}") = "laba18", "laba18\laba18.csproj", "{D21C68CC-5C70-4912-B511-F1B03E41193A}"
EndProject
Project("{FAE04EC0-301F-11D3-BF4B-00C04F79EFBC}") = "laba19", "laba19\laba19.csproj", "{ED0BE405-719E-48F2-B964-EAD1C299503F}"
EndProject
Project("{FAE04EC0-301F-11D3-BF4B-00C04F79EFBC}") = "laba15", "laba15\laba15.csproj", "{B976AEFD-910F-4623-B354-53592A55D589}"
EndProject
Global
	GlobalSection(SolutionConfigurationPlatforms) = preSolution
		Debug|Any CPU = Debug|Any CPU
		Release|Any CPU = Release|Any CPU
	EndGlobalSection
	GlobalSection(ProjectConfigurationPlatforms) = postSolution
		{B05C4BC1-6C68-470A-9DCE-A948DBD1B05D}.Debug|Any CPU.ActiveCfg = Debug|Any CPU
		{B05C4BC1-6C68-470A-9DCE-A948DBD1B05D}.Debug|Any CPU.Build.0 = Debug|Any CPU
		{B05C4BC1-6C68-470A-9DCE-A948DBD1B05D}.Release|Any CPU.ActiveCfg = Release|Any CPU
		{B05C4BC1-6C68-470A-9DCE-A948DBD1B05D}.Release|Any CPU.Build.0 = Release|Any CPU
		{07D6DB69-28DC-4094-ADCC-81D03406C779}.Debug|Any CPU.ActiveCfg = Debug|Any CPU
		{07D6DB69-28DC-4094-ADCC-81D03406C779}.Debug|Any CPU.Build.0 = Debug|Any CPU
		{07D6DB69-28DC-4094-ADCC-81D03406C779}.Release|Any CPU.ActiveCfg = Release|Any CPU
		{07D6DB69-28DC-4094-ADCC-81D03406C779}.Release|Any CPU.Build.0 = Release|Any CPU
		{3123B0B3-76B6-49C3-B43F-947EC6324760}.Debug|Any CPU.ActiveCfg = Debug|Any CPU
		{3123B0B3-76B6-49C3-B43F-947EC6324760}.Debug|Any CPU.Build.0 = Debug|Any CPU
		{3123B0B3-76B6-49C3-B43F-947EC6324760}.Release|Any CPU.ActiveCfg = Release|Any CPU
		{3123B0B3-76B6-49C3-B43F-947EC6324760}.Release|Any CPU.Build.0 = Release|Any CPU
		{8B831439-61A2-485B-8653-6ADEC40E8F82}.Debug|Any CPU.ActiveCfg = Debug|Any CPU
		{8B831439-61A2-485B-8653-6ADEC40E8F82}.Debug|Any CPU.Build.0 = Debug|Any CPU
		{8B831439-61A2-485B-8653-6ADEC40E8F82}.Release|Any CPU.ActiveCfg = Release|Any CPU
		{8B831439-61A2-485B-8653-6ADEC40E8F82}.Release|Any CPU.Build.0 = Release|Any CPU
		{E4187B2D-DC4F-40B0-B19F-129EE1C1CCAD}.Debug|Any CPU.ActiveCfg = Debug|Any CPU
		{E4187B2D-DC4F-40B0-B19F-129EE1C1CCAD}.Debug|Any CPU.Build.0 = Debug|Any CPU
		{E4187B2D-DC4F-40B0-B19F-129EE1C1CCAD}.Release|Any CPU.ActiveCfg = Release|Any CPU
		{E4187B2D-DC4F-40B0-B19F-129EE1C1CCAD}.Release|Any CPU.Build.0 = Release|Any CPU
		{530E7EC1-9B65-48FA-AE0B-CFCC55375EB5}.Debug|Any CPU.ActiveCfg = Debug|Any CPU
		{530E7EC1-9B65-48FA-AE0B-CFCC55375EB5}.Debug|Any CPU.Build.0 = Debug|Any CPU
		{530E7EC1-9B65-48FA-AE0B-CFCC55375EB5}.Release|Any CPU.ActiveCfg = Release|Any CPU
		{530E7EC1-9B65-48FA-AE0B-CFCC55375EB5}.Release|Any CPU.Build.0 = Release|Any CPU
		{7572E07C-26E0-407F-BA73-8B5D2BAE65B2}.Debug|Any CPU.ActiveCfg = Debug|Any CPU
		{7572E07C-26E0-407F-BA73-8B5D2BAE65B2}.Debug|Any CPU.Build.0 = Debug|Any CPU
		{7572E07C-26E0-407F-BA73-8B5D2BAE65B2}.Release|Any CPU.ActiveCfg = Release|Any CPU
		{7572E07C-26E0-407F-BA73-8B5D2BAE65B2}.Release|Any CPU.Build.0 = Release|Any CPU
		{4341DFB2-9EAA-46CA-A6FB-B02879102932}.Debug|Any CPU.ActiveCfg = Debug|Any CPU
		{4341DFB2-9EAA-46CA-A6FB-B02879102932}.Debug|Any CPU.Build.0 = Debug|Any CPU
		{4341DFB2-9EAA-46CA-A6FB-B02879102932}.Release|Any CPU.ActiveCfg = Release|Any CPU
		{4341DFB2-9EAA-46CA-A6FB-B02879102932}.Release|Any CPU.Build.0 = Release|Any CPU
		{DC706737-8EF9-4974-A3FF-E7BB0FCF88B2}.Debug|Any CPU.ActiveCfg = Debug|Any CPU
		{DC706737-8EF9-4974-A3FF-E7BB0FCF88B2}.Debug|Any CPU.Build.0 = Debug|Any CPU
		{DC706737-8EF9-4974-A3FF-E7BB0FCF88B2}.Release|Any CPU.ActiveCfg = Release|Any CPU
		{DC706737-8EF9-4974-A3FF-E7BB0FCF88B2}.Release|Any CPU.Build.0 = Release|Any CPU
		{72AA965E-5758-48E7-BD5B-0560CC51D4B7}.Debug|Any CPU.ActiveCfg = Debug|Any CPU
		{72AA965E-5758-48E7-BD5B-0560CC51D4B7}.Debug|Any CPU.Build.0 = Debug|Any CPU
		{72AA965E-5758-48E7-BD5B-0560CC51D4B7}.Release|Any CPU.ActiveCfg = Release|Any CPU
		{72AA965E-5758-48E7-BD5B-0560CC51D4B7}.Release|Any CPU.Build.0 = Release|Any CPU
		{B06B8FE5-F63E-4F4A-9FC5-ACCA4245D90D}.Debug|Any CPU.ActiveCfg = Debug|Any CPU
		{B06B8FE5-F63E-4F4A-9FC5-ACCA4245D90D}.Debug|Any CPU.Build.0 = Debug|Any CPU
		{B06B8FE5-F63E-4F4A-9FC5-ACCA4245D90D}.Release|Any CPU.ActiveCfg = Release|Any CPU
		{B06B8FE5-F63E-4F4A-9FC5-ACCA4245D90D}.Release|Any CPU.Build.0 = Release|Any CPU
		{EEF0F06D-72E1-4249-9ED7-12B2EBB7FEEC}.Debug|Any CPU.ActiveCfg = Debug|Any CPU
		{EEF0F06D-72E1-4249-9ED7-12B2EBB7FEEC}.Debug|Any CPU.Build.0 = Debug|Any CPU
		{EEF0F06D-72E1-4249-9ED7-12B2EBB7FEEC}.Release|Any CPU.ActiveCfg = Release|Any CPU
		{EEF0F06D-72E1-4249-9ED7-12B2EBB7FEEC}.Release|Any CPU.Build.0 = Release|Any CPU
		{73602691-C4B1-4889-A441-4459A4C36654}.Debug|Any CPU.ActiveCfg = Debug|Any CPU
		{73602691-C4B1-4889-A441-4459A4C36654}.Debug|Any CPU.Build.0 = Debug|Any CPU
		{73602691-C4B1-4889-A441-4459A4C36654}.Release|Any CPU.ActiveCfg = Release|Any CPU
		{73602691-C4B1-4889-A441-4459A4C36654}.Release|Any CPU.Build.0 = Release|Any CPU
		{39DDD7CF-6210-421F-BD0D-CD01D0EB1772}.Debug|Any CPU.ActiveCfg = Debug|Any CPU
		{39DDD7CF-6210-421F-BD0D-CD01D0EB1772}.Debug|Any CPU.Build.0 = Debug|Any CPU
		{39DDD7CF-6210-421F-BD0D-CD01D0EB1772}.Release|Any CPU.ActiveCfg = Release|Any CPU
		{39DDD7CF-6210-421F-BD0D-CD01D0EB1772}.Release|Any CPU.Build.0 = Release|Any CPU
		{640ECF88-418D-476F-9209-05EA1495E75C}.Debug|Any CPU.ActiveCfg = Debug|Any CPU
		{640ECF88-418D-476F-9209-05EA1495E75C}.Debug|Any CPU.Build.0 = Debug|Any CPU
		{640ECF88-418D-476F-9209-05EA1495E75C}.Release|Any CPU.ActiveCfg = Release|Any CPU
		{640ECF88-418D-476F-9209-05EA1495E75C}.Release|Any CPU.Build.0 = Release|Any CPU
		{156D1443-FCFC-49A1-8375-7F13048ABF46}.Debug|Any CPU.ActiveCfg = Debug|Any CPU
		{156D1443-FCFC-49A1-8375-7F13048ABF46}.Debug|Any CPU.Build.0 = Debug|Any CPU
		{156D1443-FCFC-49A1-8375-7F13048ABF46}.Release|Any CPU.ActiveCfg = Release|Any CPU
		{156D1443-FCFC-49A1-8375-7F13048ABF46}.Release|Any CPU.Build.0 = Release|Any CPU
		{15F09B65-9531-4C68-B718-A85EB19F9F26}.Debug|Any CPU.ActiveCfg = Debug|Any CPU
		{15F09B65-9531-4C68-B718-A85EB19F9F26}.Debug|Any CPU.Build.0 = Debug|Any CPU
		{15F09B65-9531-4C68-B718-A85EB19F9F26}.Release|Any CPU.ActiveCfg = Release|Any CPU
		{15F09B65-9531-4C68-B718-A85EB19F9F26}.Release|Any CPU.Build.0 = Release|Any CPU
		{D21C68CC-5C70-4912-B511-F1B03E41193A}.Debug|Any CPU.ActiveCfg = Debug|Any CPU
		{D21C68CC-5C70-4912-B511-F1B03E41193A}.Debug|Any CPU.Build.0 = Debug|Any CPU
		{D21C68CC-5C70-4912-B511-F1B03E41193A}.Release|Any CPU.ActiveCfg = Release|Any CPU
		{D21C68CC-5C70-4912-B511-F1B03E41193A}.Release|Any CPU.Build.0 = Release|Any CPU
		{ED0BE405-719E-48F2-B964-EAD1C299503F}.Debug|Any CPU.ActiveCfg = Debug|Any CPU
		{ED0BE405-719E-48F2-B964-EAD1C299503F}.Debug|Any CPU.Build.0 = Debug|Any CPU
		{ED0BE405-719E-48F2-B964-EAD1C299503F}.Release|Any CPU.ActiveCfg = Release|Any CPU
		{ED0BE405-719E-48F2-B964-EAD1C299503F}.Release|Any CPU.Build.0 = Release|Any CPU
		{B976AEFD-910F-4623-B354-53592A55D589}.Debug|Any CPU.ActiveCfg = Debug|Any CPU
		{B976AEFD-910F-4623-B354-53592A55D589}.Debug|Any CPU.Build.0 = Debug|Any CPU
		{B976AEFD-910F-4623-B354-53592A55D589}.Release|Any CPU.ActiveCfg = Release|Any CPU
		{B976AEFD-910F-4623-B354-53592A55D589}.Release|Any CPU.Build.0 = Release|Any CPU
	EndGlobalSection
	GlobalSection(SolutionProperties) = preSolution
		HideSolutionNode = FALSE
	EndGlobalSection
	GlobalSection(NestedProjects) = preSolution
		{156D1443-FCFC-49A1-8375-7F13048ABF46} = {723A443E-BC53-4052-B78B-11E334A329F1}
	EndGlobalSection
	GlobalSection(ExtensibilityGlobals) = postSolution
		SolutionGuid = {F15DBA2B-3131-4F86-B14D-A0A0BEECC8A8}
	EndGlobalSection
EndGlobal
