
Microsoft Visual Studio Solution File, Format Version 12.00
# Visual Studio Version 17
VisualStudioVersion = 17.8.34525.116
MinimumVisualStudioVersion = 10.0.40219.1
Project("{FAE04EC0-301F-11D3-BF4B-00C04F79EFBC}") = "laba1", "laba1\laba1.csproj", "{B05C4BC1-6C68-470A-9DCE-A948DBD1B05D}"
EndProject
Project("{FAE04EC0-301F-11D3-BF4B-00C04F79EFBC}") = "laba2", "laba2\laba2.csproj", "{07D6DB69-28DC-4094-ADCC-81D03406C779}"
EndProject
Project("{FAE04EC0-301F-11D3-BF4B-00C04F79EFBC}") = "laba3", "laba3\laba3.csproj", "{3123B0B3-76B6-49C3-B43F-947EC6324760}"
EndProject
Global
	GlobalSection(SolutionConfigurationPlatforms) = preSolution
		Debug|Any CPU = Debug|Any CPU
		Release|Any CPU = Release|Any CPU
	EndGlobalSection
	GlobalSection(ProjectConfigurationPlatforms) = postSolution
		{B05C4BC1-6C68-470A-9DCE-A948DBD1B05D}.Debug|Any CPU.ActiveCfg = Debug|Any CPU
		{B05C4BC1-6C68-470A-9DCE-A948DBD1B05D}.Debug|Any CPU.Build.0 = Debug|Any CPU
		{B05C4BC1-6C68-470A-9DCE-A948DBD1B05D}.Release|Any CPU.ActiveCfg = Release|Any CPU
		{B05C4BC1-6C68-470A-9DCE-A948DBD1B05D}.Release|Any CPU.Build.0 = Release|Any CPU
		{07D6DB69-28DC-4094-ADCC-81D03406C779}.Debug|Any CPU.ActiveCfg = Debug|Any CPU
		{07D6DB69-28DC-4094-ADCC-81D03406C779}.Debug|Any CPU.Build.0 = Debug|Any CPU
		{07D6DB69-28DC-4094-ADCC-81D03406C779}.Release|Any CPU.ActiveCfg = Release|Any CPU
		{07D6DB69-28DC-4094-ADCC-81D03406C779}.Release|Any CPU.Build.0 = Release|Any CPU
		{3123B0B3-76B6-49C3-B43F-947EC6324760}.Debug|Any CPU.ActiveCfg = Debug|Any CPU
		{3123B0B3-76B6-49C3-B43F-947EC6324760}.Debug|Any CPU.Build.0 = Debug|Any CPU
		{3123B0B3-76B6-49C3-B43F-947EC6324760}.Release|Any CPU.ActiveCfg = Release|Any CPU
		{3123B0B3-76B6-49C3-B43F-947EC6324760}.Release|Any CPU.Build.0 = Release|Any CPU
	EndGlobalSection
	GlobalSection(SolutionProperties) = preSolution
		HideSolutionNode = FALSE
	EndGlobalSection
	GlobalSection(ExtensibilityGlobals) = postSolution
		SolutionGuid = {F15DBA2B-3131-4F86-B14D-A0A0BEECC8A8}
	EndGlobalSection
EndGlobal
